
Microsoft Visual Studio Solution File, Format Version 12.00
Project("{FAE04EC0-301F-11D3-BF4B-00C04F79EFBC}") = "Nuklear.NET", "Nuklear.NET\Nuklear.NET.csproj", "{B640AA34-4E62-409C-B9C7-55023602F3D2}"
EndProject
Project("{2150E333-8FDC-42A3-9474-1A3956D46DE8}") = "Examples", "Examples", "{942E04A0-42A7-4848-A319-8CD12F9183BC}"
EndProject
Project("{FAE04EC0-301F-11D3-BF4B-00C04F79EFBC}") = "Nuklear.NET.Examples.MonoGame", "Examples\MonoGame\Nuklear.NET.Examples.MonoGame.csproj", "{6BA4F2E5-17D5-4314-B4C2-CBDF4EF7A7E0}"
EndProject
Project("{FAE04EC0-301F-11D3-BF4B-00C04F79EFBC}") = "Nuklear.NET.Examples.Shared", "Examples\Shared\Nuklear.NET.Examples.Shared.csproj", "{9BBAABCF-F61D-40C2-A5BC-C3F3A1F20BC8}"
EndProject
Project("{FAE04EC0-301F-11D3-BF4B-00C04F79EFBC}") = "Nuklear.NET.Examples.Raylib", "Examples\Raylib\Nuklear.NET.Examples.Raylib.csproj", "{B1207E1D-755F-485B-B214-3530EFDBBC77}"
EndProject
Project("{FAE04EC0-301F-11D3-BF4B-00C04F79EFBC}") = "Nuklear.NET.Examples.SFML", "Examples\SFML\Nuklear.NET.Examples.SFML.csproj", "{92846A99-7E33-4BD4-82FE-417A1EC80194}"
EndProject
Project("{FAE04EC0-301F-11D3-BF4B-00C04F79EFBC}") = "Nuklear.NET.Examples.WindowsForms", "Examples\WindowsForms\Nuklear.NET.Examples.WindowsForms.csproj", "{88397C6D-A536-4EC6-9714-357BD5E13DDC}"
EndProject
Global
	GlobalSection(SolutionConfigurationPlatforms) = preSolution
		Debug|Any CPU = Debug|Any CPU
		Release|Any CPU = Release|Any CPU
	EndGlobalSection
	GlobalSection(ProjectConfigurationPlatforms) = postSolution
		{B640AA34-4E62-409C-B9C7-55023602F3D2}.Debug|Any CPU.ActiveCfg = Debug|Any CPU
		{B640AA34-4E62-409C-B9C7-55023602F3D2}.Debug|Any CPU.Build.0 = Debug|Any CPU
		{B640AA34-4E62-409C-B9C7-55023602F3D2}.Release|Any CPU.ActiveCfg = Release|Any CPU
		{B640AA34-4E62-409C-B9C7-55023602F3D2}.Release|Any CPU.Build.0 = Release|Any CPU
		{6BA4F2E5-17D5-4314-B4C2-CBDF4EF7A7E0}.Debug|Any CPU.ActiveCfg = Debug|Any CPU
		{6BA4F2E5-17D5-4314-B4C2-CBDF4EF7A7E0}.Debug|Any CPU.Build.0 = Debug|Any CPU
		{6BA4F2E5-17D5-4314-B4C2-CBDF4EF7A7E0}.Release|Any CPU.ActiveCfg = Release|Any CPU
		{6BA4F2E5-17D5-4314-B4C2-CBDF4EF7A7E0}.Release|Any CPU.Build.0 = Release|Any CPU
		{9BBAABCF-F61D-40C2-A5BC-C3F3A1F20BC8}.Debug|Any CPU.ActiveCfg = Debug|Any CPU
		{9BBAABCF-F61D-40C2-A5BC-C3F3A1F20BC8}.Debug|Any CPU.Build.0 = Debug|Any CPU
		{9BBAABCF-F61D-40C2-A5BC-C3F3A1F20BC8}.Release|Any CPU.ActiveCfg = Release|Any CPU
		{9BBAABCF-F61D-40C2-A5BC-C3F3A1F20BC8}.Release|Any CPU.Build.0 = Release|Any CPU
		{B1207E1D-755F-485B-B214-3530EFDBBC77}.Debug|Any CPU.ActiveCfg = Debug|Any CPU
		{B1207E1D-755F-485B-B214-3530EFDBBC77}.Debug|Any CPU.Build.0 = Debug|Any CPU
		{B1207E1D-755F-485B-B214-3530EFDBBC77}.Release|Any CPU.ActiveCfg = Release|Any CPU
		{B1207E1D-755F-485B-B214-3530EFDBBC77}.Release|Any CPU.Build.0 = Release|Any CPU
		{92846A99-7E33-4BD4-82FE-417A1EC80194}.Debug|Any CPU.ActiveCfg = Debug|Any CPU
		{92846A99-7E33-4BD4-82FE-417A1EC80194}.Debug|Any CPU.Build.0 = Debug|Any CPU
		{92846A99-7E33-4BD4-82FE-417A1EC80194}.Release|Any CPU.ActiveCfg = Release|Any CPU
		{92846A99-7E33-4BD4-82FE-417A1EC80194}.Release|Any CPU.Build.0 = Release|Any CPU
		{88397C6D-A536-4EC6-9714-357BD5E13DDC}.Debug|Any CPU.ActiveCfg = Debug|Any CPU
		{88397C6D-A536-4EC6-9714-357BD5E13DDC}.Debug|Any CPU.Build.0 = Debug|Any CPU
		{88397C6D-A536-4EC6-9714-357BD5E13DDC}.Release|Any CPU.ActiveCfg = Release|Any CPU
		{88397C6D-A536-4EC6-9714-357BD5E13DDC}.Release|Any CPU.Build.0 = Release|Any CPU
	EndGlobalSection
	GlobalSection(NestedProjects) = preSolution
		{6BA4F2E5-17D5-4314-B4C2-CBDF4EF7A7E0} = {942E04A0-42A7-4848-A319-8CD12F9183BC}
		{9BBAABCF-F61D-40C2-A5BC-C3F3A1F20BC8} = {942E04A0-42A7-4848-A319-8CD12F9183BC}
		{B1207E1D-755F-485B-B214-3530EFDBBC77} = {942E04A0-42A7-4848-A319-8CD12F9183BC}
		{92846A99-7E33-4BD4-82FE-417A1EC80194} = {942E04A0-42A7-4848-A319-8CD12F9183BC}
		{88397C6D-A536-4EC6-9714-357BD5E13DDC} = {942E04A0-42A7-4848-A319-8CD12F9183BC}
	EndGlobalSection
EndGlobal
